
Microsoft Visual Studio Solution File, Format Version 12.00
# Visual Studio Version 16
VisualStudioVersion = 16.0.30413.136
MinimumVisualStudioVersion = 10.0.40219.1
Project("{FAE04EC0-301F-11D3-BF4B-00C04F79EFBC}") = "TemperamentSpihin.Android", "TemperamentSpihin\TemperamentSpihin.Android\TemperamentSpihin.Android.csproj", "{187A3589-E884-483B-89EA-8C4072071219}"
EndProject
Project("{FAE04EC0-301F-11D3-BF4B-00C04F79EFBC}") = "TemperamentSpihin", "TemperamentSpihin\TemperamentSpihin\TemperamentSpihin.csproj", "{CE751028-7C33-4CF3-B8E5-1B559ECAB96C}"
EndProject
Global
	GlobalSection(SolutionConfigurationPlatforms) = preSolution
		Debug|Any CPU = Debug|Any CPU
		Release|Any CPU = Release|Any CPU
	EndGlobalSection
	GlobalSection(ProjectConfigurationPlatforms) = postSolution
		{187A3589-E884-483B-89EA-8C4072071219}.Debug|Any CPU.ActiveCfg = Debug|Any CPU
		{187A3589-E884-483B-89EA-8C4072071219}.Debug|Any CPU.Build.0 = Debug|Any CPU
		{187A3589-E884-483B-89EA-8C4072071219}.Debug|Any CPU.Deploy.0 = Debug|Any CPU
		{187A3589-E884-483B-89EA-8C4072071219}.Release|Any CPU.ActiveCfg = Release|Any CPU
		{187A3589-E884-483B-89EA-8C4072071219}.Release|Any CPU.Build.0 = Release|Any CPU
		{187A3589-E884-483B-89EA-8C4072071219}.Release|Any CPU.Deploy.0 = Release|Any CPU
		{CE751028-7C33-4CF3-B8E5-1B559ECAB96C}.Debug|Any CPU.ActiveCfg = Debug|Any CPU
		{CE751028-7C33-4CF3-B8E5-1B559ECAB96C}.Debug|Any CPU.Build.0 = Debug|Any CPU
		{CE751028-7C33-4CF3-B8E5-1B559ECAB96C}.Debug|Any CPU.Deploy.0 = Debug|Any CPU
		{CE751028-7C33-4CF3-B8E5-1B559ECAB96C}.Release|Any CPU.ActiveCfg = Release|Any CPU
		{CE751028-7C33-4CF3-B8E5-1B559ECAB96C}.Release|Any CPU.Build.0 = Release|Any CPU
		{CE751028-7C33-4CF3-B8E5-1B559ECAB96C}.Release|Any CPU.Deploy.0 = Release|Any CPU
	EndGlobalSection
	GlobalSection(SolutionProperties) = preSolution
		HideSolutionNode = FALSE
	EndGlobalSection
	GlobalSection(ExtensibilityGlobals) = postSolution
		SolutionGuid = {67884322-1ABE-468C-8E09-7AEC941A30D0}
	EndGlobalSection
EndGlobal
